// !$*UTF8*$!
{
	archiveVersion = 1;
	classes = {
	};
	objectVersion = 45;
	objects = {

/* Begin PBXBuildFile section */
		1DDD58160DA1D0A300B32029 /* MainMenu.xib in Resources */ = {isa = PBXBuildFile; fileRef = 1DDD58140DA1D0A300B32029 /* MainMenu.xib */; };
		8D11072B0486CEB800E47090 /* InfoPlist.strings in Resources */ = {isa = PBXBuildFile; fileRef = 089C165CFE840E0CC02AAC07 /* InfoPlist.strings */; };
		8D11072D0486CEB800E47090 /* main.m in Sources */ = {isa = PBXBuildFile; fileRef = 29B97316FDCFA39411CA2CEA /* main.m */; settings = {ATTRIBUTES = (); }; };
		8D11072F0486CEB800E47090 /* Cocoa.framework in Frameworks */ = {isa = PBXBuildFile; fileRef = 1058C7A1FEA54F0111CA2CBB /* Cocoa.framework */; };
		A0AA8BC512FB900400E7CA8F /* PreferencePanes.framework in Frameworks */ = {isa = PBXBuildFile; fileRef = A0AA8BC412FB900400E7CA8F /* PreferencePanes.framework */; };
		A0AA8BD512FB906300E7CA8F /* NVSPreferenceWindowController.m in Sources */ = {isa = PBXBuildFile; fileRef = A0AA8BD412FB906300E7CA8F /* NVSPreferenceWindowController.m */; };
		A0D47D2F12DC0C07009E7F19 /* NVSMenuletController.m in Sources */ = {isa = PBXBuildFile; fileRef = A0D47D2E12DC0C07009E7F19 /* NVSMenuletController.m */; };
		A0D47DE112DC1C04009E7F19 /* IOKit.framework in Frameworks */ = {isa = PBXBuildFile; fileRef = A0D47DE012DC1C04009E7F19 /* IOKit.framework */; };
		A0D47E9212DD2276009E7F19 /* 161.png in Resources */ = {isa = PBXBuildFile; fileRef = A0D47E9112DD2276009E7F19 /* 161.png */; };
		A0D4805912E214ED009E7F19 /* NVSPowerMonitor.m in Sources */ = {isa = PBXBuildFile; fileRef = A0D4805812E214ED009E7F19 /* NVSPowerMonitor.m */; };
		A0D480B612E273AA009E7F19 /* NVSDisplayControl.m in Sources */ = {isa = PBXBuildFile; fileRef = A0D480B512E273AA009E7F19 /* NVSDisplayControl.m */; };
		A0D483EC12E9627B009E7F19 /* display_nosleep.png in Resources */ = {isa = PBXBuildFile; fileRef = A0D483EB12E9627B009E7F19 /* display_nosleep.png */; };
		A0D483EE12E96288009E7F19 /* display_sleep.png in Resources */ = {isa = PBXBuildFile; fileRef = A0D483ED12E96288009E7F19 /* display_sleep.png */; };
/* End PBXBuildFile section */

/* Begin PBXFileReference section */
		089C165DFE840E0CC02AAC07 /* English */ = {isa = PBXFileReference; fileEncoding = 4; lastKnownFileType = text.plist.strings; name = English; path = English.lproj/InfoPlist.strings; sourceTree = "<group>"; };
		1058C7A1FEA54F0111CA2CBB /* Cocoa.framework */ = {isa = PBXFileReference; lastKnownFileType = wrapper.framework; name = Cocoa.framework; path = /System/Library/Frameworks/Cocoa.framework; sourceTree = "<absolute>"; };
		13E42FB307B3F0F600E4EEF1 /* CoreData.framework */ = {isa = PBXFileReference; lastKnownFileType = wrapper.framework; name = CoreData.framework; path = /System/Library/Frameworks/CoreData.framework; sourceTree = "<absolute>"; };
		1DDD58150DA1D0A300B32029 /* English */ = {isa = PBXFileReference; lastKnownFileType = file.xib; name = English; path = English.lproj/MainMenu.xib; sourceTree = "<group>"; };
		256AC3F00F4B6AF500CF3369 /* NeverSleep_Prefix.pch */ = {isa = PBXFileReference; fileEncoding = 4; lastKnownFileType = sourcecode.c.h; path = NeverSleep_Prefix.pch; sourceTree = "<group>"; };
		29B97316FDCFA39411CA2CEA /* main.m */ = {isa = PBXFileReference; fileEncoding = 4; lastKnownFileType = sourcecode.c.objc; path = main.m; sourceTree = "<group>"; };
		29B97324FDCFA39411CA2CEA /* AppKit.framework */ = {isa = PBXFileReference; lastKnownFileType = wrapper.framework; name = AppKit.framework; path = /System/Library/Frameworks/AppKit.framework; sourceTree = "<absolute>"; };
		29B97325FDCFA39411CA2CEA /* Foundation.framework */ = {isa = PBXFileReference; lastKnownFileType = wrapper.framework; name = Foundation.framework; path = /System/Library/Frameworks/Foundation.framework; sourceTree = "<absolute>"; };
		8D1107310486CEB800E47090 /* NeverSleep-Info.plist */ = {isa = PBXFileReference; fileEncoding = 4; lastKnownFileType = text.plist.xml; path = "NeverSleep-Info.plist"; sourceTree = "<group>"; };
		8D1107320486CEB800E47090 /* NeverSleep.app */ = {isa = PBXFileReference; explicitFileType = wrapper.application; includeInIndex = 0; path = NeverSleep.app; sourceTree = BUILT_PRODUCTS_DIR; };
		A0AA8BC412FB900400E7CA8F /* PreferencePanes.framework */ = {isa = PBXFileReference; lastKnownFileType = wrapper.framework; name = PreferencePanes.framework; path = System/Library/Frameworks/PreferencePanes.framework; sourceTree = SDKROOT; };
		A0AA8BD312FB906300E7CA8F /* NVSPreferenceWindowController.h */ = {isa = PBXFileReference; fileEncoding = 4; lastKnownFileType = sourcecode.c.h; path = NVSPreferenceWindowController.h; sourceTree = "<group>"; };
		A0AA8BD412FB906300E7CA8F /* NVSPreferenceWindowController.m */ = {isa = PBXFileReference; fileEncoding = 4; lastKnownFileType = sourcecode.c.objc; path = NVSPreferenceWindowController.m; sourceTree = "<group>"; };
		A0D47D2D12DC0C07009E7F19 /* NVSMenuletController.h */ = {isa = PBXFileReference; fileEncoding = 4; lastKnownFileType = sourcecode.c.h; path = NVSMenuletController.h; sourceTree = "<group>"; };
		A0D47D2E12DC0C07009E7F19 /* NVSMenuletController.m */ = {isa = PBXFileReference; fileEncoding = 4; lastKnownFileType = sourcecode.c.objc; path = NVSMenuletController.m; sourceTree = "<group>"; };
		A0D47DE012DC1C04009E7F19 /* IOKit.framework */ = {isa = PBXFileReference; lastKnownFileType = wrapper.framework; name = IOKit.framework; path = System/Library/Frameworks/IOKit.framework; sourceTree = SDKROOT; };
		A0D47E9112DD2276009E7F19 /* 161.png */ = {isa = PBXFileReference; lastKnownFileType = image.png; path = 161.png; sourceTree = "<group>"; };
		A0D4805712E214ED009E7F19 /* NVSPowerMonitor.h */ = {isa = PBXFileReference; fileEncoding = 4; lastKnownFileType = sourcecode.c.h; path = NVSPowerMonitor.h; sourceTree = "<group>"; };
		A0D4805812E214ED009E7F19 /* NVSPowerMonitor.m */ = {isa = PBXFileReference; fileEncoding = 4; lastKnownFileType = sourcecode.c.objc; path = NVSPowerMonitor.m; sourceTree = "<group>"; };
		A0D4805A12E2151A009E7F19 /* NVSPowerMonitorDelegate.h */ = {isa = PBXFileReference; fileEncoding = 4; lastKnownFileType = sourcecode.c.h; path = NVSPowerMonitorDelegate.h; sourceTree = "<group>"; };
		A0D4806212E2165D009E7F19 /* NVSPowerStatus.h */ = {isa = PBXFileReference; fileEncoding = 4; lastKnownFileType = sourcecode.c.h; path = NVSPowerStatus.h; sourceTree = "<group>"; };
		A0D480B412E273AA009E7F19 /* NVSDisplayControl.h */ = {isa = PBXFileReference; fileEncoding = 4; lastKnownFileType = sourcecode.c.h; path = NVSDisplayControl.h; sourceTree = "<group>"; };
		A0D480B512E273AA009E7F19 /* NVSDisplayControl.m */ = {isa = PBXFileReference; fileEncoding = 4; lastKnownFileType = sourcecode.c.objc; path = NVSDisplayControl.m; sourceTree = "<group>"; };
		A0D483EB12E9627B009E7F19 /* display_nosleep.png */ = {isa = PBXFileReference; lastKnownFileType = image.png; path = display_nosleep.png; sourceTree = "<group>"; };
		A0D483ED12E96288009E7F19 /* display_sleep.png */ = {isa = PBXFileReference; lastKnownFileType = image.png; path = display_sleep.png; sourceTree = "<group>"; };
		A0D483EF12E96349009E7F19 /* NVSDisplayControlDelegate.h */ = {isa = PBXFileReference; fileEncoding = 4; lastKnownFileType = sourcecode.c.h; path = NVSDisplayControlDelegate.h; sourceTree = "<group>"; };
/* End PBXFileReference section */

/* Begin PBXFrameworksBuildPhase section */
		8D11072E0486CEB800E47090 /* Frameworks */ = {
			isa = PBXFrameworksBuildPhase;
			buildActionMask = 2147483647;
			files = (
				8D11072F0486CEB800E47090 /* Cocoa.framework in Frameworks */,
				A0D47DE112DC1C04009E7F19 /* IOKit.framework in Frameworks */,
				A0AA8BC512FB900400E7CA8F /* PreferencePanes.framework in Frameworks */,
			);
			runOnlyForDeploymentPostprocessing = 0;
		};
/* End PBXFrameworksBuildPhase section */

/* Begin PBXGroup section */
		080E96DDFE201D6D7F000001 /* Classes */ = {
			isa = PBXGroup;
			children = (
				A0D47D2D12DC0C07009E7F19 /* NVSMenuletController.h */,
				A0D47D2E12DC0C07009E7F19 /* NVSMenuletController.m */,
				A0D4805712E214ED009E7F19 /* NVSPowerMonitor.h */,
				A0D4805812E214ED009E7F19 /* NVSPowerMonitor.m */,
				A0D4805A12E2151A009E7F19 /* NVSPowerMonitorDelegate.h */,
				A0D4806212E2165D009E7F19 /* NVSPowerStatus.h */,
				A0D480B412E273AA009E7F19 /* NVSDisplayControl.h */,
				A0D480B512E273AA009E7F19 /* NVSDisplayControl.m */,
				A0D483EF12E96349009E7F19 /* NVSDisplayControlDelegate.h */,
				A0AA8BD312FB906300E7CA8F /* NVSPreferenceWindowController.h */,
				A0AA8BD412FB906300E7CA8F /* NVSPreferenceWindowController.m */,
			);
			name = Classes;
			sourceTree = "<group>";
		};
		1058C7A0FEA54F0111CA2CBB /* Linked Frameworks */ = {
			isa = PBXGroup;
			children = (
				1058C7A1FEA54F0111CA2CBB /* Cocoa.framework */,
			);
			name = "Linked Frameworks";
			sourceTree = "<group>";
		};
		1058C7A2FEA54F0111CA2CBB /* Other Frameworks */ = {
			isa = PBXGroup;
			children = (
				A0AA8BC412FB900400E7CA8F /* PreferencePanes.framework */,
				29B97324FDCFA39411CA2CEA /* AppKit.framework */,
				13E42FB307B3F0F600E4EEF1 /* CoreData.framework */,
				29B97325FDCFA39411CA2CEA /* Foundation.framework */,
				A0D47DE012DC1C04009E7F19 /* IOKit.framework */,
			);
			name = "Other Frameworks";
			sourceTree = "<group>";
		};
		19C28FACFE9D520D11CA2CBB /* Products */ = {
			isa = PBXGroup;
			children = (
				8D1107320486CEB800E47090 /* NeverSleep.app */,
			);
			name = Products;
			sourceTree = "<group>";
		};
		29B97314FDCFA39411CA2CEA /* NeverSleep */ = {
			isa = PBXGroup;
			children = (
				080E96DDFE201D6D7F000001 /* Classes */,
				29B97315FDCFA39411CA2CEA /* Other Sources */,
				29B97317FDCFA39411CA2CEA /* Resources */,
				29B97323FDCFA39411CA2CEA /* Frameworks */,
				19C28FACFE9D520D11CA2CBB /* Products */,
			);
			name = NeverSleep;
			sourceTree = "<group>";
		};
		29B97315FDCFA39411CA2CEA /* Other Sources */ = {
			isa = PBXGroup;
			children = (
				256AC3F00F4B6AF500CF3369 /* NeverSleep_Prefix.pch */,
				29B97316FDCFA39411CA2CEA /* main.m */,
			);
			name = "Other Sources";
			sourceTree = "<group>";
		};
		29B97317FDCFA39411CA2CEA /* Resources */ = {
			isa = PBXGroup;
			children = (
				A0D483ED12E96288009E7F19 /* display_sleep.png */,
				A0D483EB12E9627B009E7F19 /* display_nosleep.png */,
				A0D47E9112DD2276009E7F19 /* 161.png */,
				8D1107310486CEB800E47090 /* NeverSleep-Info.plist */,
				089C165CFE840E0CC02AAC07 /* InfoPlist.strings */,
				1DDD58140DA1D0A300B32029 /* MainMenu.xib */,
			);
			name = Resources;
			sourceTree = "<group>";
		};
		29B97323FDCFA39411CA2CEA /* Frameworks */ = {
			isa = PBXGroup;
			children = (
				1058C7A0FEA54F0111CA2CBB /* Linked Frameworks */,
				1058C7A2FEA54F0111CA2CBB /* Other Frameworks */,
			);
			name = Frameworks;
			sourceTree = "<group>";
		};
/* End PBXGroup section */

/* Begin PBXNativeTarget section */
		8D1107260486CEB800E47090 /* NeverSleep */ = {
			isa = PBXNativeTarget;
			buildConfigurationList = C01FCF4A08A954540054247B /* Build configuration list for PBXNativeTarget "NeverSleep" */;
			buildPhases = (
				8D1107290486CEB800E47090 /* Resources */,
				8D11072C0486CEB800E47090 /* Sources */,
				8D11072E0486CEB800E47090 /* Frameworks */,
			);
			buildRules = (
			);
			dependencies = (
			);
			name = NeverSleep;
			productInstallPath = "$(HOME)/Applications";
			productName = NeverSleep;
			productReference = 8D1107320486CEB800E47090 /* NeverSleep.app */;
			productType = "com.apple.product-type.application";
		};
/* End PBXNativeTarget section */

/* Begin PBXProject section */
		29B97313FDCFA39411CA2CEA /* Project object */ = {
			isa = PBXProject;
			buildConfigurationList = C01FCF4E08A954540054247B /* Build configuration list for PBXProject "NeverSleep" */;
			compatibilityVersion = "Xcode 3.1";
			developmentRegion = English;
			hasScannedForEncodings = 1;
			knownRegions = (
				English,
				Japanese,
				French,
				German,
			);
			mainGroup = 29B97314FDCFA39411CA2CEA /* NeverSleep */;
			projectDirPath = "";
			projectRoot = "";
			targets = (
				8D1107260486CEB800E47090 /* NeverSleep */,
			);
		};
/* End PBXProject section */

/* Begin PBXResourcesBuildPhase section */
		8D1107290486CEB800E47090 /* Resources */ = {
			isa = PBXResourcesBuildPhase;
			buildActionMask = 2147483647;
			files = (
				8D11072B0486CEB800E47090 /* InfoPlist.strings in Resources */,
				1DDD58160DA1D0A300B32029 /* MainMenu.xib in Resources */,
				A0D47E9212DD2276009E7F19 /* 161.png in Resources */,
				A0D483EC12E9627B009E7F19 /* display_nosleep.png in Resources */,
				A0D483EE12E96288009E7F19 /* display_sleep.png in Resources */,
			);
			runOnlyForDeploymentPostprocessing = 0;
		};
/* End PBXResourcesBuildPhase section */

/* Begin PBXSourcesBuildPhase section */
		8D11072C0486CEB800E47090 /* Sources */ = {
			isa = PBXSourcesBuildPhase;
			buildActionMask = 2147483647;
			files = (
				8D11072D0486CEB800E47090 /* main.m in Sources */,
				A0D47D2F12DC0C07009E7F19 /* NVSMenuletController.m in Sources */,
				A0D4805912E214ED009E7F19 /* NVSPowerMonitor.m in Sources */,
				A0D480B612E273AA009E7F19 /* NVSDisplayControl.m in Sources */,
				A0AA8BD512FB906300E7CA8F /* NVSPreferenceWindowController.m in Sources */,
			);
			runOnlyForDeploymentPostprocessing = 0;
		};
/* End PBXSourcesBuildPhase section */

/* Begin PBXVariantGroup section */
		089C165CFE840E0CC02AAC07 /* InfoPlist.strings */ = {
			isa = PBXVariantGroup;
			children = (
				089C165DFE840E0CC02AAC07 /* English */,
			);
			name = InfoPlist.strings;
			sourceTree = "<group>";
		};
		1DDD58140DA1D0A300B32029 /* MainMenu.xib */ = {
			isa = PBXVariantGroup;
			children = (
				1DDD58150DA1D0A300B32029 /* English */,
			);
			name = MainMenu.xib;
			sourceTree = "<group>";
		};
/* End PBXVariantGroup section */

/* Begin XCBuildConfiguration section */
		C01FCF4B08A954540054247B /* Debug */ = {
			isa = XCBuildConfiguration;
			buildSettings = {
				ALWAYS_SEARCH_USER_PATHS = NO;
				COPY_PHASE_STRIP = NO;
				GCC_DYNAMIC_NO_PIC = NO;
				GCC_ENABLE_FIX_AND_CONTINUE = YES;
				GCC_MODEL_TUNING = G5;
				GCC_OPTIMIZATION_LEVEL = 0;
				GCC_PRECOMPILE_PREFIX_HEADER = YES;
				GCC_PREFIX_HEADER = NeverSleep_Prefix.pch;
				INFOPLIST_FILE = "NeverSleep-Info.plist";
				INSTALL_PATH = "$(HOME)/Applications";
				PRODUCT_NAME = NeverSleep;
			};
			name = Debug;
		};
		C01FCF4C08A954540054247B /* Release */ = {
			isa = XCBuildConfiguration;
			buildSettings = {
				ALWAYS_SEARCH_USER_PATHS = NO;
				DEBUG_INFORMATION_FORMAT = "dwarf-with-dsym";
				GCC_MODEL_TUNING = G5;
				GCC_PRECOMPILE_PREFIX_HEADER = YES;
				GCC_PREFIX_HEADER = NeverSleep_Prefix.pch;
				INFOPLIST_FILE = "NeverSleep-Info.plist";
				INSTALL_PATH = "$(HOME)/Applications";
				PRODUCT_NAME = NeverSleep;
			};
			name = Release;
		};
		C01FCF4F08A954540054247B /* Debug */ = {
			isa = XCBuildConfiguration;
			buildSettings = {
				ARCHS = "$(ARCHS_STANDARD_32_64_BIT)";
				GCC_C_LANGUAGE_STANDARD = gnu99;
				GCC_OPTIMIZATION_LEVEL = 0;
				GCC_WARN_ABOUT_RETURN_TYPE = YES;
				GCC_WARN_UNUSED_VARIABLE = YES;
				ONLY_ACTIVE_ARCH = YES;
				PREBINDING = NO;
				SDKROOT = macosx10.6;
			};
			name = Debug;
		};
		C01FCF5008A954540054247B /* Release */ = {
			isa = XCBuildConfiguration;
			buildSettings = {
				ARCHS = "$(ARCHS_STANDARD_32_64_BIT)";
				GCC_C_LANGUAGE_STANDARD = gnu99;
				GCC_WARN_ABOUT_RETURN_TYPE = YES;
				GCC_WARN_UNUSED_VARIABLE = YES;
				PREBINDING = NO;
				SDKROOT = macosx10.6;
			};
			name = Release;
		};
/* End XCBuildConfiguration section */

/* Begin XCConfigurationList section */
		C01FCF4A08A954540054247B /* Build configuration list for PBXNativeTarget "NeverSleep" */ = {
			isa = XCConfigurationList;
			buildConfigurations = (
				C01FCF4B08A954540054247B /* Debug */,
				C01FCF4C08A954540054247B /* Release */,
			);
			defaultConfigurationIsVisible = 0;
			defaultConfigurationName = Release;
		};
		C01FCF4E08A954540054247B /* Build configuration list for PBXProject "NeverSleep" */ = {
			isa = XCConfigurationList;
			buildConfigurations = (
				C01FCF4F08A954540054247B /* Debug */,
				C01FCF5008A954540054247B /* Release */,
			);
			defaultConfigurationIsVisible = 0;
			defaultConfigurationName = Release;
		};
/* End XCConfigurationList section */
	};
	rootObject = 29B97313FDCFA39411CA2CEA /* Project object */;
}
